
Microsoft Visual Studio Solution File, Format Version 12.00
# Visual Studio Version 17
VisualStudioVersion = 17.10.34928.147
MinimumVisualStudioVersion = 10.0.40219.1
Project("{8BC9CEB8-8B4A-11D0-8D11-00A0C91BC942}") = "Less5Project1-(Rock,Paper,Scissor)", "Less5Project1-(Rock,Paper,Scissor)\Less5Project1-(Rock,Paper,Scissor).vcxproj", "{791820B6-35D2-4E05-B273-0BF6843D1660}"
EndProject
Global
	GlobalSection(SolutionConfigurationPlatforms) = preSolution
		Debug|x64 = Debug|x64
		Debug|x86 = Debug|x86
		Release|x64 = Release|x64
		Release|x86 = Release|x86
	EndGlobalSection
	GlobalSection(ProjectConfigurationPlatforms) = postSolution
		{791820B6-35D2-4E05-B273-0BF6843D1660}.Debug|x64.ActiveCfg = Debug|x64
		{791820B6-35D2-4E05-B273-0BF6843D1660}.Debug|x64.Build.0 = Debug|x64
		{791820B6-35D2-4E05-B273-0BF6843D1660}.Debug|x86.ActiveCfg = Debug|Win32
		{791820B6-35D2-4E05-B273-0BF6843D1660}.Debug|x86.Build.0 = Debug|Win32
		{791820B6-35D2-4E05-B273-0BF6843D1660}.Release|x64.ActiveCfg = Release|x64
		{791820B6-35D2-4E05-B273-0BF6843D1660}.Release|x64.Build.0 = Release|x64
		{791820B6-35D2-4E05-B273-0BF6843D1660}.Release|x86.ActiveCfg = Release|Win32
		{791820B6-35D2-4E05-B273-0BF6843D1660}.Release|x86.Build.0 = Release|Win32
	EndGlobalSection
	GlobalSection(SolutionProperties) = preSolution
		HideSolutionNode = FALSE
	EndGlobalSection
	GlobalSection(ExtensibilityGlobals) = postSolution
		SolutionGuid = {8A009F16-DCE7-4682-B6A2-A7B4A2CBF787}
	EndGlobalSection
EndGlobal
